
Microsoft Visual Studio Solution File, Format Version 12.00
# Visual Studio Version 17
VisualStudioVersion = 17.14.36221.1
MinimumVisualStudioVersion = 10.0.40219.1
Project("{FAE04EC0-301F-11D3-BF4B-00C04F79EFBC}") = "CurrencyTerminal.Domain", "src\CurrencyTerminal.Domain\CurrencyTerminal.Domain.csproj", "{02913D59-6BC3-4231-AF46-6B8C64B039A0}"
EndProject
Project("{FAE04EC0-301F-11D3-BF4B-00C04F79EFBC}") = "CurrencyTerminal.Infrastructure", "src\CurrencyTerminal.Infrastructure\CurrencyTerminal.Infrastructure.csproj", "{B7769253-D3F1-4A08-9340-1C15108237DB}"
EndProject
Global
	GlobalSection(SolutionConfigurationPlatforms) = preSolution
		Debug|Any CPU = Debug|Any CPU
		Release|Any CPU = Release|Any CPU
	EndGlobalSection
	GlobalSection(ProjectConfigurationPlatforms) = postSolution
		{02913D59-6BC3-4231-AF46-6B8C64B039A0}.Debug|Any CPU.ActiveCfg = Debug|Any CPU
		{02913D59-6BC3-4231-AF46-6B8C64B039A0}.Debug|Any CPU.Build.0 = Debug|Any CPU
		{02913D59-6BC3-4231-AF46-6B8C64B039A0}.Release|Any CPU.ActiveCfg = Release|Any CPU
		{02913D59-6BC3-4231-AF46-6B8C64B039A0}.Release|Any CPU.Build.0 = Release|Any CPU
		{B7769253-D3F1-4A08-9340-1C15108237DB}.Debug|Any CPU.ActiveCfg = Debug|Any CPU
		{B7769253-D3F1-4A08-9340-1C15108237DB}.Debug|Any CPU.Build.0 = Debug|Any CPU
		{B7769253-D3F1-4A08-9340-1C15108237DB}.Release|Any CPU.ActiveCfg = Release|Any CPU
		{B7769253-D3F1-4A08-9340-1C15108237DB}.Release|Any CPU.Build.0 = Release|Any CPU
	EndGlobalSection
	GlobalSection(SolutionProperties) = preSolution
		HideSolutionNode = FALSE
	EndGlobalSection
	GlobalSection(ExtensibilityGlobals) = postSolution
		SolutionGuid = {F374DA29-4487-448B-8B1D-EBC4899CC5AC}
	EndGlobalSection
EndGlobal
